// !$*UTF8*$!
{
	archiveVersion = 1;
	classes = {
	};
	objectVersion = 48;
	objects = {

/* Begin PBXBuildFile section */
		75FEFFA42013743500DE97A2 /* AppDelegate.swift in Sources */ = {isa = PBXBuildFile; fileRef = 75FEFFA32013743500DE97A2 /* AppDelegate.swift */; };
		75FEFFA62013743500DE97A2 /* art.scnassets in Resources */ = {isa = PBXBuildFile; fileRef = 75FEFFA52013743500DE97A2 /* art.scnassets */; };
		75FEFFA82013743500DE97A2 /* ViewController.swift in Sources */ = {isa = PBXBuildFile; fileRef = 75FEFFA72013743500DE97A2 /* ViewController.swift */; };
		75FEFFAB2013743500DE97A2 /* Main.storyboard in Resources */ = {isa = PBXBuildFile; fileRef = 75FEFFA92013743500DE97A2 /* Main.storyboard */; };
		75FEFFAD2013743500DE97A2 /* Assets.xcassets in Resources */ = {isa = PBXBuildFile; fileRef = 75FEFFAC2013743500DE97A2 /* Assets.xcassets */; };
		75FEFFB02013743500DE97A2 /* LaunchScreen.storyboard in Resources */ = {isa = PBXBuildFile; fileRef = 75FEFFAE2013743500DE97A2 /* LaunchScreen.storyboard */; };
/* End PBXBuildFile section */

/* Begin PBXFileReference section */
		75FEFFA02013743500DE97A2 /* hackpack-arkit.app */ = {isa = PBXFileReference; explicitFileType = wrapper.application; includeInIndex = 0; path = "hackpack-arkit.app"; sourceTree = BUILT_PRODUCTS_DIR; };
		75FEFFA32013743500DE97A2 /* AppDelegate.swift */ = {isa = PBXFileReference; lastKnownFileType = sourcecode.swift; path = AppDelegate.swift; sourceTree = "<group>"; };
		75FEFFA52013743500DE97A2 /* art.scnassets */ = {isa = PBXFileReference; lastKnownFileType = wrapper.scnassets; path = art.scnassets; sourceTree = "<group>"; };
		75FEFFA72013743500DE97A2 /* ViewController.swift */ = {isa = PBXFileReference; lastKnownFileType = sourcecode.swift; path = ViewController.swift; sourceTree = "<group>"; };
		75FEFFAA2013743500DE97A2 /* Base */ = {isa = PBXFileReference; lastKnownFileType = file.storyboard; name = Base; path = Base.lproj/Main.storyboard; sourceTree = "<group>"; };
		75FEFFAC2013743500DE97A2 /* Assets.xcassets */ = {isa = PBXFileReference; lastKnownFileType = folder.assetcatalog; path = Assets.xcassets; sourceTree = "<group>"; };
		75FEFFAF2013743500DE97A2 /* Base */ = {isa = PBXFileReference; lastKnownFileType = file.storyboard; name = Base; path = Base.lproj/LaunchScreen.storyboard; sourceTree = "<group>"; };
		75FEFFB12013743500DE97A2 /* Info.plist */ = {isa = PBXFileReference; lastKnownFileType = text.plist.xml; path = Info.plist; sourceTree = "<group>"; };
/* End PBXFileReference section */

/* Begin PBXFrameworksBuildPhase section */
		75FEFF9D2013743500DE97A2 /* Frameworks */ = {
			isa = PBXFrameworksBuildPhase;
			buildActionMask = 2147483647;
			files = (
			);
			runOnlyForDeploymentPostprocessing = 0;
		};
/* End PBXFrameworksBuildPhase section */

/* Begin PBXGroup section */
		75FEFF972013743500DE97A2 = {
			isa = PBXGroup;
			children = (
				75FEFFA22013743500DE97A2 /* hackpack-arkit */,
				75FEFFA12013743500DE97A2 /* Products */,
			);
			sourceTree = "<group>";
		};
		75FEFFA12013743500DE97A2 /* Products */ = {
			isa = PBXGroup;
			children = (
				75FEFFA02013743500DE97A2 /* hackpack-arkit.app */,
			);
			name = Products;
			sourceTree = "<group>";
		};
		75FEFFA22013743500DE97A2 /* hackpack-arkit */ = {
			isa = PBXGroup;
			children = (
				75FEFFA32013743500DE97A2 /* AppDelegate.swift */,
				75FEFFA52013743500DE97A2 /* art.scnassets */,
				75FEFFA72013743500DE97A2 /* ViewController.swift */,
				75FEFFA92013743500DE97A2 /* Main.storyboard */,
				75FEFFAC2013743500DE97A2 /* Assets.xcassets */,
				75FEFFAE2013743500DE97A2 /* LaunchScreen.storyboard */,
				75FEFFB12013743500DE97A2 /* Info.plist */,
			);
			path = "hackpack-arkit";
			sourceTree = "<group>";
		};
/* End PBXGroup section */

/* Begin PBXNativeTarget section */
		75FEFF9F2013743500DE97A2 /* hackpack-arkit */ = {
			isa = PBXNativeTarget;
			buildConfigurationList = 75FEFFB42013743500DE97A2 /* Build configuration list for PBXNativeTarget "hackpack-arkit" */;
			buildPhases = (
				75FEFF9C2013743500DE97A2 /* Sources */,
				75FEFF9D2013743500DE97A2 /* Frameworks */,
				75FEFF9E2013743500DE97A2 /* Resources */,
			);
			buildRules = (
			);
			dependencies = (
			);
			name = "hackpack-arkit";
			productName = "hackpack-arkit";
			productReference = 75FEFFA02013743500DE97A2 /* hackpack-arkit.app */;
			productType = "com.apple.product-type.application";
		};
/* End PBXNativeTarget section */

/* Begin PBXProject section */
		75FEFF982013743500DE97A2 /* Project object */ = {
			isa = PBXProject;
			attributes = {
				LastSwiftUpdateCheck = 0920;
				LastUpgradeCheck = 1010;
				ORGANIZATIONNAME = TreeHacks;
				TargetAttributes = {
					75FEFF9F2013743500DE97A2 = {
						CreatedOnToolsVersion = 9.2;
						LastSwiftMigration = 1010;
						ProvisioningStyle = Automatic;
					};
				};
			};
			buildConfigurationList = 75FEFF9B2013743500DE97A2 /* Build configuration list for PBXProject "hackpack-arkit" */;
			compatibilityVersion = "Xcode 8.0";
			developmentRegion = en;
			hasScannedForEncodings = 0;
			knownRegions = (
				en,
				Base,
			);
			mainGroup = 75FEFF972013743500DE97A2;
			productRefGroup = 75FEFFA12013743500DE97A2 /* Products */;
			projectDirPath = "";
			projectRoot = "";
			targets = (
				75FEFF9F2013743500DE97A2 /* hackpack-arkit */,
			);
		};
/* End PBXProject section */

/* Begin PBXResourcesBuildPhase section */
		75FEFF9E2013743500DE97A2 /* Resources */ = {
			isa = PBXResourcesBuildPhase;
			buildActionMask = 2147483647;
			files = (
				75FEFFA62013743500DE97A2 /* art.scnassets in Resources */,
				75FEFFB02013743500DE97A2 /* LaunchScreen.storyboard in Resources */,
				75FEFFAD2013743500DE97A2 /* Assets.xcassets in Resources */,
				75FEFFAB2013743500DE97A2 /* Main.storyboard in Resources */,
			);
			runOnlyForDeploymentPostprocessing = 0;
		};
/* End PBXResourcesBuildPhase section */

/* Begin PBXSourcesBuildPhase section */
		75FEFF9C2013743500DE97A2 /* Sources */ = {
			isa = PBXSourcesBuildPhase;
			buildActionMask = 2147483647;
			files = (
				75FEFFA82013743500DE97A2 /* ViewController.swift in Sources */,
				75FEFFA42013743500DE97A2 /* AppDelegate.swift in Sources */,
			);
			runOnlyForDeploymentPostprocessing = 0;
		};
/* End PBXSourcesBuildPhase section */

/* Begin PBXVariantGroup section */
		75FEFFA92013743500DE97A2 /* Main.storyboard */ = {
			isa = PBXVariantGroup;
			children = (
				75FEFFAA2013743500DE97A2 /* Base */,
			);
			name = Main.storyboard;
			sourceTree = "<group>";
		};
		75FEFFAE2013743500DE97A2 /* LaunchScreen.storyboard */ = {
			isa = PBXVariantGroup;
			children = (
				75FEFFAF2013743500DE97A2 /* Base */,
			);
			name = LaunchScreen.storyboard;
			sourceTree = "<group>";
		};
/* End PBXVariantGroup section */

/* Begin XCBuildConfiguration section */
		75FEFFB22013743500DE97A2 /* Debug */ = {
			isa = XCBuildConfiguration;
			buildSettings = {
				ALWAYS_SEARCH_USER_PATHS = NO;
				CLANG_ANALYZER_NONNULL = YES;
				CLANG_ANALYZER_NUMBER_OBJECT_CONVERSION = YES_AGGRESSIVE;
				CLANG_CXX_LANGUAGE_STANDARD = "gnu++14";
				CLANG_CXX_LIBRARY = "libc++";
				CLANG_ENABLE_MODULES = YES;
				CLANG_ENABLE_OBJC_ARC = YES;
				CLANG_WARN_BLOCK_CAPTURE_AUTORELEASING = YES;
				CLANG_WARN_BOOL_CONVERSION = YES;
				CLANG_WARN_COMMA = YES;
				CLANG_WARN_CONSTANT_CONVERSION = YES;
				CLANG_WARN_DEPRECATED_OBJC_IMPLEMENTATIONS = YES;
				CLANG_WARN_DIRECT_OBJC_ISA_USAGE = YES_ERROR;
				CLANG_WARN_DOCUMENTATION_COMMENTS = YES;
				CLANG_WARN_EMPTY_BODY = YES;
				CLANG_WARN_ENUM_CONVERSION = YES;
				CLANG_WARN_INFINITE_RECURSION = YES;
				CLANG_WARN_INT_CONVERSION = YES;
				CLANG_WARN_NON_LITERAL_NULL_CONVERSION = YES;
				CLANG_WARN_OBJC_IMPLICIT_RETAIN_SELF = YES;
				CLANG_WARN_OBJC_LITERAL_CONVERSION = YES;
				CLANG_WARN_OBJC_ROOT_CLASS = YES_ERROR;
				CLANG_WARN_RANGE_LOOP_ANALYSIS = YES;
				CLANG_WARN_STRICT_PROTOTYPES = YES;
				CLANG_WARN_SUSPICIOUS_MOVE = YES;
				CLANG_WARN_UNGUARDED_AVAILABILITY = YES_AGGRESSIVE;
				CLANG_WARN_UNREACHABLE_CODE = YES;
				CLANG_WARN__DUPLICATE_METHOD_MATCH = YES;
				CODE_SIGN_IDENTITY = "iPhone Developer";
				COPY_PHASE_STRIP = NO;
				DEBUG_INFORMATION_FORMAT = dwarf;
				ENABLE_STRICT_OBJC_MSGSEND = YES;
				ENABLE_TESTABILITY = YES;
				GCC_C_LANGUAGE_STANDARD = gnu11;
				GCC_DYNAMIC_NO_PIC = NO;
				GCC_NO_COMMON_BLOCKS = YES;
				GCC_OPTIMIZATION_LEVEL = 0;
				GCC_PREPROCESSOR_DEFINITIONS = (
					"DEBUG=1",
					"$(inherited)",
				);
				GCC_WARN_64_TO_32_BIT_CONVERSION = YES;
				GCC_WARN_ABOUT_RETURN_TYPE = YES_ERROR;
				GCC_WARN_UNDECLARED_SELECTOR = YES;
				GCC_WARN_UNINITIALIZED_AUTOS = YES_AGGRESSIVE;
				GCC_WARN_UNUSED_FUNCTION = YES;
				GCC_WARN_UNUSED_VARIABLE = YES;
				IPHONEOS_DEPLOYMENT_TARGET = 11.2;
				MTL_ENABLE_DEBUG_INFO = YES;
				ONLY_ACTIVE_ARCH = YES;
				SDKROOT = iphoneos;
				SWIFT_ACTIVE_COMPILATION_CONDITIONS = DEBUG;
				SWIFT_OPTIMIZATION_LEVEL = "-Onone";
			};
			name = Debug;
		};
		75FEFFB32013743500DE97A2 /* Release */ = {
			isa = XCBuildConfiguration;
			buildSettings = {
				ALWAYS_SEARCH_USER_PATHS = NO;
				CLANG_ANALYZER_NONNULL = YES;
				CLANG_ANALYZER_NUMBER_OBJECT_CONVERSION = YES_AGGRESSIVE;
				CLANG_CXX_LANGUAGE_STANDARD = "gnu++14";
				CLANG_CXX_LIBRARY = "libc++";
				CLANG_ENABLE_MODULES = YES;
				CLANG_ENABLE_OBJC_ARC = YES;
				CLANG_WARN_BLOCK_CAPTURE_AUTORELEASING = YES;
				CLANG_WARN_BOOL_CONVERSION = YES;
				CLANG_WARN_COMMA = YES;
				CLANG_WARN_CONSTANT_CONVERSION = YES;
				CLANG_WARN_DEPRECATED_OBJC_IMPLEMENTATIONS = YES;
				CLANG_WARN_DIRECT_OBJC_ISA_USAGE = YES_ERROR;
				CLANG_WARN_DOCUMENTATION_COMMENTS = YES;
				CLANG_WARN_EMPTY_BODY = YES;
				CLANG_WARN_ENUM_CONVERSION = YES;
				CLANG_WARN_INFINITE_RECURSION = YES;
				CLANG_WARN_INT_CONVERSION = YES;
				CLANG_WARN_NON_LITERAL_NULL_CONVERSION = YES;
				CLANG_WARN_OBJC_IMPLICIT_RETAIN_SELF = YES;
				CLANG_WARN_OBJC_LITERAL_CONVERSION = YES;
				CLANG_WARN_OBJC_ROOT_CLASS = YES_ERROR;
				CLANG_WARN_RANGE_LOOP_ANALYSIS = YES;
				CLANG_WARN_STRICT_PROTOTYPES = YES;
				CLANG_WARN_SUSPICIOUS_MOVE = YES;
				CLANG_WARN_UNGUARDED_AVAILABILITY = YES_AGGRESSIVE;
				CLANG_WARN_UNREACHABLE_CODE = YES;
				CLANG_WARN__DUPLICATE_METHOD_MATCH = YES;
				CODE_SIGN_IDENTITY = "iPhone Developer";
				COPY_PHASE_STRIP = NO;
				DEBUG_INFORMATION_FORMAT = "dwarf-with-dsym";
				ENABLE_NS_ASSERTIONS = NO;
				ENABLE_STRICT_OBJC_MSGSEND = YES;
				GCC_C_LANGUAGE_STANDARD = gnu11;
				GCC_NO_COMMON_BLOCKS = YES;
				GCC_WARN_64_TO_32_BIT_CONVERSION = YES;
				GCC_WARN_ABOUT_RETURN_TYPE = YES_ERROR;
				GCC_WARN_UNDECLARED_SELECTOR = YES;
				GCC_WARN_UNINITIALIZED_AUTOS = YES_AGGRESSIVE;
				GCC_WARN_UNUSED_FUNCTION = YES;
				GCC_WARN_UNUSED_VARIABLE = YES;
				IPHONEOS_DEPLOYMENT_TARGET = 11.2;
				MTL_ENABLE_DEBUG_INFO = NO;
				SDKROOT = iphoneos;
				SWIFT_OPTIMIZATION_LEVEL = "-Owholemodule";
				VALIDATE_PRODUCT = YES;
			};
			name = Release;
		};
		75FEFFB52013743500DE97A2 /* Debug */ = {
			isa = XCBuildConfiguration;
			buildSettings = {
				ASSETCATALOG_COMPILER_APPICON_NAME = AppIcon;
				CODE_SIGN_STYLE = Automatic;
				DEVELOPMENT_TEAM = 8GEKYYW3CQ;
				INFOPLIST_FILE = "hackpack-arkit/Info.plist";
				LD_RUNPATH_SEARCH_PATHS = "$(inherited) @executable_path/Frameworks";
				PRODUCT_BUNDLE_IDENTIFIER = "com.treehacks.hackpack-arkit";
				PRODUCT_NAME = "$(TARGET_NAME)";
				SWIFT_VERSION = 4.2;
				TARGETED_DEVICE_FAMILY = "1,2";
			};
			name = Debug;
		};
		75FEFFB62013743500DE97A2 /* Release */ = {
			isa = XCBuildConfiguration;
			buildSettings = {
				ASSETCATALOG_COMPILER_APPICON_NAME = AppIcon;
				CODE_SIGN_STYLE = Automatic;
				DEVELOPMENT_TEAM = 8GEKYYW3CQ;
				INFOPLIST_FILE = "hackpack-arkit/Info.plist";
				LD_RUNPATH_SEARCH_PATHS = "$(inherited) @executable_path/Frameworks";
				PRODUCT_BUNDLE_IDENTIFIER = "com.treehacks.hackpack-arkit";
				PRODUCT_NAME = "$(TARGET_NAME)";
				SWIFT_VERSION = 4.2;
				TARGETED_DEVICE_FAMILY = "1,2";
			};
			name = Release;
		};
/* End XCBuildConfiguration section */

/* Begin XCConfigurationList section */
		75FEFF9B2013743500DE97A2 /* Build configuration list for PBXProject "hackpack-arkit" */ = {
			isa = XCConfigurationList;
			buildConfigurations = (
				75FEFFB22013743500DE97A2 /* Debug */,
				75FEFFB32013743500DE97A2 /* Release */,
			);
			defaultConfigurationIsVisible = 0;
			defaultConfigurationName = Release;
		};
		75FEFFB42013743500DE97A2 /* Build configuration list for PBXNativeTarget "hackpack-arkit" */ = {
			isa = XCConfigurationList;
			buildConfigurations = (
				75FEFFB52013743500DE97A2 /* Debug */,
				75FEFFB62013743500DE97A2 /* Release */,
			);
			defaultConfigurationIsVisible = 0;
			defaultConfigurationName = Release;
		};
/* End XCConfigurationList section */
	};
	rootObject = 75FEFF982013743500DE97A2 /* Project object */;
}
